
Microsoft Visual Studio Solution File, Format Version 12.00
# Visual Studio 15
VisualStudioVersion = 15.0.28010.2026
MinimumVisualStudioVersion = 10.0.40219.1
Project("{FAE04EC0-301F-11D3-BF4B-00C04F79EFBC}") = "JsonDemo", "JsonDemo\JsonDemo.csproj", "{1E64E9AD-837C-44E4-A827-C819905D6422}"
EndProject
Project("{FAE04EC0-301F-11D3-BF4B-00C04F79EFBC}") = "JianDanGongChang", "JianDanGongChang\JianDanGongChang.csproj", "{34A94B0C-C6C7-44F8-9178-CEF539BDFBA4}"
EndProject
Project("{FAE04EC0-301F-11D3-BF4B-00C04F79EFBC}") = "Redis", "Redis\Redis.csproj", "{28759FC4-736C-490F-8B50-C72C2398F52B}"
EndProject
Global
	GlobalSection(SolutionConfigurationPlatforms) = preSolution
		Debug|Any CPU = Debug|Any CPU
		Release|Any CPU = Release|Any CPU
	EndGlobalSection
	GlobalSection(ProjectConfigurationPlatforms) = postSolution
		{1E64E9AD-837C-44E4-A827-C819905D6422}.Debug|Any CPU.ActiveCfg = Debug|Any CPU
		{1E64E9AD-837C-44E4-A827-C819905D6422}.Debug|Any CPU.Build.0 = Debug|Any CPU
		{1E64E9AD-837C-44E4-A827-C819905D6422}.Release|Any CPU.ActiveCfg = Release|Any CPU
		{1E64E9AD-837C-44E4-A827-C819905D6422}.Release|Any CPU.Build.0 = Release|Any CPU
		{34A94B0C-C6C7-44F8-9178-CEF539BDFBA4}.Debug|Any CPU.ActiveCfg = Debug|Any CPU
		{34A94B0C-C6C7-44F8-9178-CEF539BDFBA4}.Debug|Any CPU.Build.0 = Debug|Any CPU
		{34A94B0C-C6C7-44F8-9178-CEF539BDFBA4}.Release|Any CPU.ActiveCfg = Release|Any CPU
		{34A94B0C-C6C7-44F8-9178-CEF539BDFBA4}.Release|Any CPU.Build.0 = Release|Any CPU
		{28759FC4-736C-490F-8B50-C72C2398F52B}.Debug|Any CPU.ActiveCfg = Debug|Any CPU
		{28759FC4-736C-490F-8B50-C72C2398F52B}.Debug|Any CPU.Build.0 = Debug|Any CPU
		{28759FC4-736C-490F-8B50-C72C2398F52B}.Release|Any CPU.ActiveCfg = Release|Any CPU
		{28759FC4-736C-490F-8B50-C72C2398F52B}.Release|Any CPU.Build.0 = Release|Any CPU
	EndGlobalSection
	GlobalSection(SolutionProperties) = preSolution
		HideSolutionNode = FALSE
	EndGlobalSection
	GlobalSection(ExtensibilityGlobals) = postSolution
		SolutionGuid = {8B8FCF7A-A318-436A-B0E1-86F3EC984B3D}
	EndGlobalSection
EndGlobal
